// !$*UTF8*$!
{
	archiveVersion = 1;
	classes = {};
	objectVersion = 77;
	objects = {

/* Begin PBXBuildFile section */
		100000000000000000000001 /* UllageKit in Frameworks */ = {isa = PBXBuildFile; productRef = 100000000000000000000051 /* UllageKit */; };
		100000000000000000000002 /* UllageKit in Frameworks */ = {isa = PBXBuildFile; productRef = 100000000000000000000052 /* UllageKit */; };
		100000000000000000000003 /* UllageDaemonHelper.app in LoginItems */ = {isa = PBXBuildFile; fileRef = 100000000000000000000012 /* UllageDaemonHelper.app */; settings = {ATTRIBUTES = (CodeSignOnCopy, RemoveHeadersOnCopy, ); }; };
/* End PBXBuildFile section */

/* Begin PBXContainerItemProxy section */
		100000000000000000000021 = {isa = PBXContainerItemProxy; containerPortal = 100000000000000000000040 /* Project object */; proxyType = 1; remoteGlobalIDString = 100000000000000000000031; remoteInfo = UllageMac; };
		100000000000000000000022 = {isa = PBXContainerItemProxy; containerPortal = 100000000000000000000040 /* Project object */; proxyType = 1; remoteGlobalIDString = 100000000000000000000032; remoteInfo = UllageDaemonHelper; };
/* End PBXContainerItemProxy section */

/* Begin PBXCopyFilesBuildPhase section */
		100000000000000000000071 /* Embed Login Items */ = {
			isa = PBXCopyFilesBuildPhase;
			buildActionMask = 2147483647;
			dstPath = Contents/Library/LoginItems;
			dstSubfolderSpec = 1;
			files = (100000000000000000000003 /* UllageDaemonHelper.app in LoginItems */, );
			name = "Embed Login Items";
			runOnlyForDeploymentPostprocessing = 0;
		};
/* End PBXCopyFilesBuildPhase section */

/* Begin PBXFileReference section */
		100000000000000000000011 /* Ullage.app */ = {isa = PBXFileReference; explicitFileType = wrapper.application; includeInIndex = 0; path = Ullage.app; sourceTree = BUILT_PRODUCTS_DIR; };
		100000000000000000000012 /* UllageDaemonHelper.app */ = {isa = PBXFileReference; explicitFileType = wrapper.application; includeInIndex = 0; path = UllageDaemonHelper.app; sourceTree = BUILT_PRODUCTS_DIR; };
		100000000000000000000013 /* UllageMacTests.xctest */ = {isa = PBXFileReference; explicitFileType = wrapper.cfbundle; includeInIndex = 0; path = UllageMacTests.xctest; sourceTree = BUILT_PRODUCTS_DIR; };
		100000000000000000000014 /* UllageKitTests.xctest */ = {isa = PBXFileReference; explicitFileType = wrapper.cfbundle; includeInIndex = 0; path = UllageKitTests.xctest; sourceTree = BUILT_PRODUCTS_DIR; };
/* End PBXFileReference section */

/* Begin PBXFileSystemSynchronizedRootGroup section */
		100000000000000000000061 /* UllageMac */ = {isa = PBXFileSystemSynchronizedRootGroup; path = Sources/UllageMac; sourceTree = "<group>"; };
		100000000000000000000062 /* UllageDaemonHelper */ = {isa = PBXFileSystemSynchronizedRootGroup; path = Sources/UllageDaemonHelper; sourceTree = "<group>"; };
		100000000000000000000063 /* UllageMacTests */ = {isa = PBXFileSystemSynchronizedRootGroup; path = Tests/UllageMacTests; sourceTree = "<group>"; };
		100000000000000000000064 /* UllageKitTests */ = {isa = PBXFileSystemSynchronizedRootGroup; path = Tests/UllageKitTests; sourceTree = "<group>"; };
/* End PBXFileSystemSynchronizedRootGroup section */

/* Begin PBXFrameworksBuildPhase section */
		100000000000000000000081 = {isa = PBXFrameworksBuildPhase; buildActionMask = 2147483647; files = (100000000000000000000001 /* UllageKit in Frameworks */, ); runOnlyForDeploymentPostprocessing = 0; };
		100000000000000000000082 = {isa = PBXFrameworksBuildPhase; buildActionMask = 2147483647; files = (); runOnlyForDeploymentPostprocessing = 0; };
		100000000000000000000083 = {isa = PBXFrameworksBuildPhase; buildActionMask = 2147483647; files = (); runOnlyForDeploymentPostprocessing = 0; };
		100000000000000000000084 = {isa = PBXFrameworksBuildPhase; buildActionMask = 2147483647; files = (100000000000000000000002 /* UllageKit in Frameworks */, ); runOnlyForDeploymentPostprocessing = 0; };
/* End PBXFrameworksBuildPhase section */

/* Begin PBXGroup section */
		100000000000000000000041 = {isa = PBXGroup; children = (100000000000000000000061, 100000000000000000000062, 100000000000000000000063, 100000000000000000000064, 100000000000000000000042 /* Products */, ); sourceTree = "<group>"; };
		100000000000000000000042 /* Products */ = {isa = PBXGroup; children = (100000000000000000000011, 100000000000000000000012, 100000000000000000000013, 100000000000000000000014, ); name = Products; sourceTree = "<group>"; };
/* End PBXGroup section */

/* Begin PBXNativeTarget section */
		100000000000000000000031 /* UllageMac */ = {
			isa = PBXNativeTarget;
			buildConfigurationList = 1000000000000000000000A1;
			buildPhases = (100000000000000000000091, 100000000000000000000081, 1000000000000000000000B1 /* Generate App Icon */, 100000000000000000000071, );
			buildRules = ();
			dependencies = (1000000000000000000000C2 /* PBXTargetDependency */, );
			fileSystemSynchronizedGroups = (100000000000000000000061, );
			name = UllageMac;
			packageProductDependencies = (100000000000000000000051 /* UllageKit */, );
			productName = Ullage;
			productReference = 100000000000000000000011 /* Ullage.app */;
			productType = "com.apple.product-type.application";
		};
		100000000000000000000032 /* UllageDaemonHelper */ = {
			isa = PBXNativeTarget;
			buildConfigurationList = 1000000000000000000000A2;
			buildPhases = (100000000000000000000092, 100000000000000000000082, 1000000000000000000000B2 /* Embed Rust Daemon */, );
			buildRules = ();
			dependencies = ();
			fileSystemSynchronizedGroups = (100000000000000000000062, );
			name = UllageDaemonHelper;
			productName = UllageDaemonHelper;
			productReference = 100000000000000000000012 /* UllageDaemonHelper.app */;
			productType = "com.apple.product-type.application";
		};
		100000000000000000000033 /* UllageMacTests */ = {
			isa = PBXNativeTarget;
			buildConfigurationList = 1000000000000000000000A3;
			buildPhases = (100000000000000000000093, 100000000000000000000083, );
			buildRules = ();
			dependencies = (1000000000000000000000C1 /* PBXTargetDependency */, );
			fileSystemSynchronizedGroups = (100000000000000000000063, );
			name = UllageMacTests;
			productName = UllageMacTests;
			productReference = 100000000000000000000013;
			productType = "com.apple.product-type.bundle.unit-test";
		};
		100000000000000000000034 /* UllageKitTests */ = {
			isa = PBXNativeTarget;
			buildConfigurationList = 1000000000000000000000A4;
			buildPhases = (100000000000000000000094, 100000000000000000000084, );
			buildRules = ();
			dependencies = ();
			fileSystemSynchronizedGroups = (100000000000000000000064, );
			name = UllageKitTests;
			packageProductDependencies = (100000000000000000000052 /* UllageKit */, );
			productName = UllageKitTests;
			productReference = 100000000000000000000014;
			productType = "com.apple.product-type.bundle.unit-test";
		};
/* End PBXNativeTarget section */

/* Begin PBXProject section */
		100000000000000000000040 /* Project object */ = {
			isa = PBXProject;
			attributes = {BuildIndependentTargetsInParallel = 1; LastSwiftUpdateCheck = 2660; LastUpgradeCheck = 2660; TargetAttributes = {100000000000000000000031 = {CreatedOnToolsVersion = 26.6; }; 100000000000000000000032 = {CreatedOnToolsVersion = 26.6; }; }; };
			buildConfigurationList = 1000000000000000000000A0;
			compatibilityVersion = "Xcode 16.0";
			developmentRegion = en;
			hasScannedForEncodings = 0;
			knownRegions = (en, Base, );
			mainGroup = 100000000000000000000041;
			minimizedProjectReferenceProxies = 1;
			packageReferences = (100000000000000000000050 /* XCLocalSwiftPackageReference "." */, );
			preferredProjectObjectVersion = 77;
			productRefGroup = 100000000000000000000042;
			projectDirPath = "";
			projectRoot = "";
			targets = (100000000000000000000031, 100000000000000000000032, 100000000000000000000033, 100000000000000000000034, );
		};
/* End PBXProject section */

/* Begin PBXShellScriptBuildPhase section */
		1000000000000000000000B1 /* Generate App Icon */ = {isa = PBXShellScriptBuildPhase; buildActionMask = 2147483647; files = (); inputPaths = (); name = "Generate App Icon"; outputPaths = ("$(TARGET_BUILD_DIR)/$(UNLOCALIZED_RESOURCES_FOLDER_PATH)/AppIcon.icns", ); runOnlyForDeploymentPostprocessing = 0; shellPath = /bin/bash; shellScript = "set -euo pipefail\niconset=\"$DERIVED_FILE_DIR/AppIcon.iconset\"\nbinary=\"$TARGET_BUILD_DIR/$EXECUTABLE_PATH\"\nrm -rf \"$iconset\"\n# Archive links arm64 executables without an ad hoc signature because Xcode signs the final bundle later.\n/usr/bin/codesign --force --sign - --timestamp=none \"$binary\"\n\"$binary\" --render-iconset \"$iconset\"\nmkdir -p \"$TARGET_BUILD_DIR/$UNLOCALIZED_RESOURCES_FOLDER_PATH\"\n/usr/bin/iconutil -c icns \"$iconset\" -o \"$TARGET_BUILD_DIR/$UNLOCALIZED_RESOURCES_FOLDER_PATH/AppIcon.icns\"\n"; };
		1000000000000000000000B2 /* Embed Rust Daemon */ = {isa = PBXShellScriptBuildPhase; buildActionMask = 2147483647; files = (); inputPaths = ("$(SRCROOT)/../../Cargo.lock", ); name = "Embed Rust Daemon"; outputPaths = ("$(TARGET_BUILD_DIR)/$(UNLOCALIZED_RESOURCES_FOLDER_PATH)/ullage-daemon", ); runOnlyForDeploymentPostprocessing = 0; shellPath = /bin/bash; shellScript = "set -euo pipefail\nexport PATH=\"$HOME/.cargo/bin:/opt/homebrew/bin:/usr/local/bin:$PATH\"\ncd \"$SRCROOT/../..\"\ncargo build --locked --release -p ullage-app\ndestination=\"$TARGET_BUILD_DIR/$UNLOCALIZED_RESOURCES_FOLDER_PATH/ullage-daemon\"\nmkdir -p \"$(dirname \"$destination\")\"\ncp target/release/ullage \"$destination\"\nidentity=\"${EXPANDED_CODE_SIGN_IDENTITY:--}\"\n/usr/bin/codesign --force --sign \"$identity\" --timestamp=none --identifier com.ullage.mac.daemon.tool --entitlements \"$SRCROOT/Resources/UllageDaemon.entitlements\" \"$destination\"\n"; };
/* End PBXShellScriptBuildPhase section */

/* Begin PBXSourcesBuildPhase section */
		100000000000000000000091 = {isa = PBXSourcesBuildPhase; buildActionMask = 2147483647; files = (); runOnlyForDeploymentPostprocessing = 0; };
		100000000000000000000092 = {isa = PBXSourcesBuildPhase; buildActionMask = 2147483647; files = (); runOnlyForDeploymentPostprocessing = 0; };
		100000000000000000000093 = {isa = PBXSourcesBuildPhase; buildActionMask = 2147483647; files = (); runOnlyForDeploymentPostprocessing = 0; };
		100000000000000000000094 = {isa = PBXSourcesBuildPhase; buildActionMask = 2147483647; files = (); runOnlyForDeploymentPostprocessing = 0; };
/* End PBXSourcesBuildPhase section */

/* Begin PBXTargetDependency section */
		1000000000000000000000C1 /* PBXTargetDependency */ = {isa = PBXTargetDependency; target = 100000000000000000000031 /* UllageMac */; targetProxy = 100000000000000000000021; };
		1000000000000000000000C2 /* PBXTargetDependency */ = {isa = PBXTargetDependency; target = 100000000000000000000032 /* UllageDaemonHelper */; targetProxy = 100000000000000000000022; };
/* End PBXTargetDependency section */

/* Begin XCBuildConfiguration section */
		1000000000000000000000D1 = {isa = XCBuildConfiguration; buildSettings = {ARCHS = arm64; CODE_SIGN_ENTITLEMENTS = Resources/UllageMac.entitlements; CODE_SIGN_STYLE = Automatic; CURRENT_PROJECT_VERSION = 1; DEVELOPMENT_TEAM = 73D5UVY728; ENABLE_HARDENED_RUNTIME = YES; ENABLE_TESTABILITY = YES; INFOPLIST_FILE = Resources/Xcode-UllageMac-Info.plist; LD_RUNPATH_SEARCH_PATHS = "$(inherited) @executable_path/../Frameworks"; MACOSX_DEPLOYMENT_TARGET = 14.0; MARKETING_VERSION = 0.1.0; PRODUCT_BUNDLE_IDENTIFIER = com.ullage.mac; PRODUCT_MODULE_NAME = UllageMac; PRODUCT_NAME = Ullage; SWIFT_OPTIMIZATION_LEVEL = "-Onone"; SWIFT_VERSION = 6.0; }; name = Debug; };
		1000000000000000000000D2 = {isa = XCBuildConfiguration; buildSettings = {ARCHS = arm64; CODE_SIGN_ENTITLEMENTS = Resources/UllageMac.entitlements; CODE_SIGN_STYLE = Automatic; CURRENT_PROJECT_VERSION = 1; DEVELOPMENT_TEAM = 73D5UVY728; ENABLE_HARDENED_RUNTIME = YES; INFOPLIST_FILE = Resources/Xcode-UllageMac-Info.plist; LD_RUNPATH_SEARCH_PATHS = "$(inherited) @executable_path/../Frameworks"; MACOSX_DEPLOYMENT_TARGET = 14.0; MARKETING_VERSION = 0.1.0; PRODUCT_BUNDLE_IDENTIFIER = com.ullage.mac; PRODUCT_MODULE_NAME = UllageMac; PRODUCT_NAME = Ullage; SWIFT_COMPILATION_MODE = wholemodule; SWIFT_VERSION = 6.0; }; name = Release; };
		1000000000000000000000D3 = {isa = XCBuildConfiguration; buildSettings = {ARCHS = arm64; CODE_SIGN_ENTITLEMENTS = Resources/UllageDaemonHelper.entitlements; CODE_SIGN_STYLE = Automatic; CURRENT_PROJECT_VERSION = 1; DEVELOPMENT_TEAM = 73D5UVY728; ENABLE_HARDENED_RUNTIME = YES; INFOPLIST_FILE = Resources/Xcode-UllageDaemonHelper-Info.plist; MACOSX_DEPLOYMENT_TARGET = 14.0; MARKETING_VERSION = 0.1.0; PRODUCT_BUNDLE_IDENTIFIER = com.ullage.mac.daemon; PRODUCT_NAME = UllageDaemonHelper; SKIP_INSTALL = YES; SWIFT_VERSION = 6.0; }; name = Debug; };
		1000000000000000000000D4 = {isa = XCBuildConfiguration; buildSettings = {ARCHS = arm64; CODE_SIGN_ENTITLEMENTS = Resources/UllageDaemonHelper.entitlements; CODE_SIGN_STYLE = Automatic; CURRENT_PROJECT_VERSION = 1; DEVELOPMENT_TEAM = 73D5UVY728; ENABLE_HARDENED_RUNTIME = YES; INFOPLIST_FILE = Resources/Xcode-UllageDaemonHelper-Info.plist; MACOSX_DEPLOYMENT_TARGET = 14.0; MARKETING_VERSION = 0.1.0; PRODUCT_BUNDLE_IDENTIFIER = com.ullage.mac.daemon; PRODUCT_NAME = UllageDaemonHelper; SKIP_INSTALL = YES; SWIFT_COMPILATION_MODE = wholemodule; SWIFT_VERSION = 6.0; }; name = Release; };
		1000000000000000000000D5 = {isa = XCBuildConfiguration; buildSettings = {BUNDLE_LOADER = "$(TEST_HOST)"; CODE_SIGN_STYLE = Automatic; DEVELOPMENT_TEAM = 73D5UVY728; GENERATE_INFOPLIST_FILE = YES; MACOSX_DEPLOYMENT_TARGET = 14.0; PRODUCT_BUNDLE_IDENTIFIER = com.ullage.mac.tests; PRODUCT_NAME = "$(TARGET_NAME)"; SWIFT_VERSION = 6.0; TEST_HOST = "$(BUILT_PRODUCTS_DIR)/Ullage.app/Contents/MacOS/Ullage"; }; name = Debug; };
		1000000000000000000000D6 = {isa = XCBuildConfiguration; buildSettings = {BUNDLE_LOADER = "$(TEST_HOST)"; CODE_SIGN_STYLE = Automatic; DEVELOPMENT_TEAM = 73D5UVY728; GENERATE_INFOPLIST_FILE = YES; MACOSX_DEPLOYMENT_TARGET = 14.0; PRODUCT_BUNDLE_IDENTIFIER = com.ullage.mac.tests; PRODUCT_NAME = "$(TARGET_NAME)"; SWIFT_VERSION = 6.0; TEST_HOST = "$(BUILT_PRODUCTS_DIR)/Ullage.app/Contents/MacOS/Ullage"; }; name = Release; };
		1000000000000000000000D7 = {isa = XCBuildConfiguration; buildSettings = {CODE_SIGN_STYLE = Automatic; DEVELOPMENT_TEAM = 73D5UVY728; GENERATE_INFOPLIST_FILE = YES; MACOSX_DEPLOYMENT_TARGET = 14.0; PRODUCT_BUNDLE_IDENTIFIER = com.ullage.kit.tests; PRODUCT_NAME = "$(TARGET_NAME)"; SWIFT_VERSION = 6.0; }; name = Debug; };
		1000000000000000000000D8 = {isa = XCBuildConfiguration; buildSettings = {CODE_SIGN_STYLE = Automatic; DEVELOPMENT_TEAM = 73D5UVY728; GENERATE_INFOPLIST_FILE = YES; MACOSX_DEPLOYMENT_TARGET = 14.0; PRODUCT_BUNDLE_IDENTIFIER = com.ullage.kit.tests; PRODUCT_NAME = "$(TARGET_NAME)"; SWIFT_VERSION = 6.0; }; name = Release; };
		1000000000000000000000D9 = {isa = XCBuildConfiguration; buildSettings = {ARCHS = arm64; CLANG_ENABLE_MODULES = YES; MACOSX_DEPLOYMENT_TARGET = 14.0; SWIFT_VERSION = 6.0; }; name = Debug; };
		1000000000000000000000DA = {isa = XCBuildConfiguration; buildSettings = {ARCHS = arm64; CLANG_ENABLE_MODULES = YES; MACOSX_DEPLOYMENT_TARGET = 14.0; SWIFT_VERSION = 6.0; }; name = Release; };
/* End XCBuildConfiguration section */

/* Begin XCConfigurationList section */
		1000000000000000000000A0 = {isa = XCConfigurationList; buildConfigurations = (1000000000000000000000D9, 1000000000000000000000DA, ); defaultConfigurationIsVisible = 0; defaultConfigurationName = Release; };
		1000000000000000000000A1 = {isa = XCConfigurationList; buildConfigurations = (1000000000000000000000D1, 1000000000000000000000D2, ); defaultConfigurationIsVisible = 0; defaultConfigurationName = Release; };
		1000000000000000000000A2 = {isa = XCConfigurationList; buildConfigurations = (1000000000000000000000D3, 1000000000000000000000D4, ); defaultConfigurationIsVisible = 0; defaultConfigurationName = Release; };
		1000000000000000000000A3 = {isa = XCConfigurationList; buildConfigurations = (1000000000000000000000D5, 1000000000000000000000D6, ); defaultConfigurationIsVisible = 0; defaultConfigurationName = Release; };
		1000000000000000000000A4 = {isa = XCConfigurationList; buildConfigurations = (1000000000000000000000D7, 1000000000000000000000D8, ); defaultConfigurationIsVisible = 0; defaultConfigurationName = Release; };
/* End XCConfigurationList section */

/* Begin XCLocalSwiftPackageReference section */
		100000000000000000000050 /* XCLocalSwiftPackageReference "." */ = {isa = XCLocalSwiftPackageReference; relativePath = .; };
/* End XCLocalSwiftPackageReference section */

/* Begin XCSwiftPackageProductDependency section */
		100000000000000000000051 /* UllageKit */ = {isa = XCSwiftPackageProductDependency; package = 100000000000000000000050; productName = UllageKit; };
		100000000000000000000052 /* UllageKit */ = {isa = XCSwiftPackageProductDependency; package = 100000000000000000000050; productName = UllageKit; };
/* End XCSwiftPackageProductDependency section */
	};
	rootObject = 100000000000000000000040 /* Project object */;
}
